// !$*UTF8*$!
{
	archiveVersion = 1;
	classes = {
	};
	objectVersion = 55;
	objects = {

/* Begin PBXBuildFile section */
		CD1145362A22EE070020A013 /* ThanksMenu.swift in Sources */ = {isa = PBXBuildFile; fileRef = CD1145352A22EE070020A013 /* ThanksMenu.swift */; };
		CD1145382A22EED60020A013 /* FormMenu.swift in Sources */ = {isa = PBXBuildFile; fileRef = CD1145372A22EED60020A013 /* FormMenu.swift */; };
		CD11453A2A22F5130020A013 /* MainMenu.swift in Sources */ = {isa = PBXBuildFile; fileRef = CD1145392A22F5130020A013 /* MainMenu.swift */; };
		CE03E4E72A22CDCD000D9ACD /* RegistrationMenu.swift in Sources */ = {isa = PBXBuildFile; fileRef = CE03E4E62A22CDCD000D9ACD /* RegistrationMenu.swift */; };
		CE03E4EB2A22D6CC000D9ACD /* e-Ukraine-Light.otf in Resources */ = {isa = PBXBuildFile; fileRef = CE03E4E82A22D6C8000D9ACD /* e-Ukraine-Light.otf */; };
		CE03E4EC2A22D6CC000D9ACD /* e-Ukraine-Medium.otf in Resources */ = {isa = PBXBuildFile; fileRef = CE03E4E92A22D6CC000D9ACD /* e-Ukraine-Medium.otf */; };
		CE03E4ED2A22D6CC000D9ACD /* e-Ukraine-Regular.otf in Resources */ = {isa = PBXBuildFile; fileRef = CE03E4EA2A22D6CC000D9ACD /* e-Ukraine-Regular.otf */; };
		CE03E4F02A22DE35000D9ACD /* SuccessRegMenu.swift in Sources */ = {isa = PBXBuildFile; fileRef = CE03E4EF2A22DE34000D9ACD /* SuccessRegMenu.swift */; };
		CE03E4F22A22E3E4000D9ACD /* EventInfoMenu.swift in Sources */ = {isa = PBXBuildFile; fileRef = CE03E4F12A22E3E4000D9ACD /* EventInfoMenu.swift */; };
		CE3674012A22353200B85852 /* EPodiyaApp.swift in Sources */ = {isa = PBXBuildFile; fileRef = CE3674002A22353200B85852 /* EPodiyaApp.swift */; };
		CE3674032A22353200B85852 /* ContentView.swift in Sources */ = {isa = PBXBuildFile; fileRef = CE3674022A22353200B85852 /* ContentView.swift */; };
		CE3674052A22353A00B85852 /* Assets.xcassets in Resources */ = {isa = PBXBuildFile; fileRef = CE3674042A22353A00B85852 /* Assets.xcassets */; };
		CE3674082A22353A00B85852 /* Preview Assets.xcassets in Resources */ = {isa = PBXBuildFile; fileRef = CE3674072A22353A00B85852 /* Preview Assets.xcassets */; };
		CE3674122A22353B00B85852 /* EPodiyaTests.swift in Sources */ = {isa = PBXBuildFile; fileRef = CE3674112A22353B00B85852 /* EPodiyaTests.swift */; };
		CE36741C2A22353B00B85852 /* EPodiyaUITests.swift in Sources */ = {isa = PBXBuildFile; fileRef = CE36741B2A22353B00B85852 /* EPodiyaUITests.swift */; };
		CE36741E2A22353B00B85852 /* EPodiyaUITestsLaunchTests.swift in Sources */ = {isa = PBXBuildFile; fileRef = CE36741D2A22353B00B85852 /* EPodiyaUITestsLaunchTests.swift */; };
		CE495B512A2241D600F73986 /* CarouselCell.swift in Sources */ = {isa = PBXBuildFile; fileRef = CE495B502A2241D600F73986 /* CarouselCell.swift */; };
/* End PBXBuildFile section */

/* Begin PBXContainerItemProxy section */
		CE36740E2A22353B00B85852 /* PBXContainerItemProxy */ = {
			isa = PBXContainerItemProxy;
			containerPortal = CE3673F52A22353200B85852 /* Project object */;
			proxyType = 1;
			remoteGlobalIDString = CE3673FC2A22353200B85852;
			remoteInfo = EPodiya;
		};
		CE3674182A22353B00B85852 /* PBXContainerItemProxy */ = {
			isa = PBXContainerItemProxy;
			containerPortal = CE3673F52A22353200B85852 /* Project object */;
			proxyType = 1;
			remoteGlobalIDString = CE3673FC2A22353200B85852;
			remoteInfo = EPodiya;
		};
/* End PBXContainerItemProxy section */

/* Begin PBXFileReference section */
		CD1145352A22EE070020A013 /* ThanksMenu.swift */ = {isa = PBXFileReference; lastKnownFileType = sourcecode.swift; path = ThanksMenu.swift; sourceTree = "<group>"; };
		CD1145372A22EED60020A013 /* FormMenu.swift */ = {isa = PBXFileReference; lastKnownFileType = sourcecode.swift; path = FormMenu.swift; sourceTree = "<group>"; };
		CD1145392A22F5130020A013 /* MainMenu.swift */ = {isa = PBXFileReference; lastKnownFileType = sourcecode.swift; path = MainMenu.swift; sourceTree = "<group>"; };
		CE03E4E62A22CDCD000D9ACD /* RegistrationMenu.swift */ = {isa = PBXFileReference; lastKnownFileType = sourcecode.swift; path = RegistrationMenu.swift; sourceTree = "<group>"; };
		CE03E4E82A22D6C8000D9ACD /* e-Ukraine-Light.otf */ = {isa = PBXFileReference; lastKnownFileType = file; path = "e-Ukraine-Light.otf"; sourceTree = "<group>"; };
		CE03E4E92A22D6CC000D9ACD /* e-Ukraine-Medium.otf */ = {isa = PBXFileReference; lastKnownFileType = file; path = "e-Ukraine-Medium.otf"; sourceTree = "<group>"; };
		CE03E4EA2A22D6CC000D9ACD /* e-Ukraine-Regular.otf */ = {isa = PBXFileReference; lastKnownFileType = file; path = "e-Ukraine-Regular.otf"; sourceTree = "<group>"; };
		CE03E4EF2A22DE34000D9ACD /* SuccessRegMenu.swift */ = {isa = PBXFileReference; lastKnownFileType = sourcecode.swift; path = SuccessRegMenu.swift; sourceTree = "<group>"; };
		CE03E4F12A22E3E4000D9ACD /* EventInfoMenu.swift */ = {isa = PBXFileReference; lastKnownFileType = sourcecode.swift; path = EventInfoMenu.swift; sourceTree = "<group>"; };
		CE3673FD2A22353200B85852 /* EPodiya.app */ = {isa = PBXFileReference; explicitFileType = wrapper.application; includeInIndex = 0; path = EPodiya.app; sourceTree = BUILT_PRODUCTS_DIR; };
		CE3674002A22353200B85852 /* EPodiyaApp.swift */ = {isa = PBXFileReference; lastKnownFileType = sourcecode.swift; path = EPodiyaApp.swift; sourceTree = "<group>"; };
		CE3674022A22353200B85852 /* ContentView.swift */ = {isa = PBXFileReference; lastKnownFileType = sourcecode.swift; path = ContentView.swift; sourceTree = "<group>"; };
		CE3674042A22353A00B85852 /* Assets.xcassets */ = {isa = PBXFileReference; lastKnownFileType = folder.assetcatalog; path = Assets.xcassets; sourceTree = "<group>"; };
		CE3674072A22353A00B85852 /* Preview Assets.xcassets */ = {isa = PBXFileReference; lastKnownFileType = folder.assetcatalog; path = "Preview Assets.xcassets"; sourceTree = "<group>"; };
		CE36740D2A22353B00B85852 /* EPodiyaTests.xctest */ = {isa = PBXFileReference; explicitFileType = wrapper.cfbundle; includeInIndex = 0; path = EPodiyaTests.xctest; sourceTree = BUILT_PRODUCTS_DIR; };
		CE3674112A22353B00B85852 /* EPodiyaTests.swift */ = {isa = PBXFileReference; lastKnownFileType = sourcecode.swift; path = EPodiyaTests.swift; sourceTree = "<group>"; };
		CE3674172A22353B00B85852 /* EPodiyaUITests.xctest */ = {isa = PBXFileReference; explicitFileType = wrapper.cfbundle; includeInIndex = 0; path = EPodiyaUITests.xctest; sourceTree = BUILT_PRODUCTS_DIR; };
		CE36741B2A22353B00B85852 /* EPodiyaUITests.swift */ = {isa = PBXFileReference; lastKnownFileType = sourcecode.swift; path = EPodiyaUITests.swift; sourceTree = "<group>"; };
		CE36741D2A22353B00B85852 /* EPodiyaUITestsLaunchTests.swift */ = {isa = PBXFileReference; lastKnownFileType = sourcecode.swift; path = EPodiyaUITestsLaunchTests.swift; sourceTree = "<group>"; };
		CE495B502A2241D600F73986 /* CarouselCell.swift */ = {isa = PBXFileReference; lastKnownFileType = sourcecode.swift; path = CarouselCell.swift; sourceTree = "<group>"; };
/* End PBXFileReference section */

/* Begin PBXFrameworksBuildPhase section */
		CE3673FA2A22353200B85852 /* Frameworks */ = {
			isa = PBXFrameworksBuildPhase;
			buildActionMask = 2147483647;
			files = (
			);
			runOnlyForDeploymentPostprocessing = 0;
		};
		CE36740A2A22353B00B85852 /* Frameworks */ = {
			isa = PBXFrameworksBuildPhase;
			buildActionMask = 2147483647;
			files = (
			);
			runOnlyForDeploymentPostprocessing = 0;
		};
		CE3674142A22353B00B85852 /* Frameworks */ = {
			isa = PBXFrameworksBuildPhase;
			buildActionMask = 2147483647;
			files = (
			);
			runOnlyForDeploymentPostprocessing = 0;
		};
/* End PBXFrameworksBuildPhase section */

/* Begin PBXGroup section */
		CE03E4E52A22CD5B000D9ACD /* Menus */ = {
			isa = PBXGroup;
			children = (
				CE03E4EF2A22DE34000D9ACD /* SuccessRegMenu.swift */,
				CE03E4E62A22CDCD000D9ACD /* RegistrationMenu.swift */,
				CE03E4F12A22E3E4000D9ACD /* EventInfoMenu.swift */,
				CD1145352A22EE070020A013 /* ThanksMenu.swift */,
				CD1145372A22EED60020A013 /* FormMenu.swift */,
				CD1145392A22F5130020A013 /* MainMenu.swift */,
			);
			path = Menus;
			sourceTree = "<group>";
		};
		CE03E4EE2A22D7E6000D9ACD /* Fonts */ = {
			isa = PBXGroup;
			children = (
				CE03E4E82A22D6C8000D9ACD /* e-Ukraine-Light.otf */,
				CE03E4EA2A22D6CC000D9ACD /* e-Ukraine-Regular.otf */,
				CE03E4E92A22D6CC000D9ACD /* e-Ukraine-Medium.otf */,
			);
			name = Fonts;
			path = "New Group";
			sourceTree = "<group>";
		};
		CE3673F42A22353200B85852 = {
			isa = PBXGroup;
			children = (
				CE3673FF2A22353200B85852 /* EPodiya */,
				CE3674102A22353B00B85852 /* EPodiyaTests */,
				CE36741A2A22353B00B85852 /* EPodiyaUITests */,
				CE3673FE2A22353200B85852 /* Products */,
			);
			sourceTree = "<group>";
		};
		CE3673FE2A22353200B85852 /* Products */ = {
			isa = PBXGroup;
			children = (
				CE3673FD2A22353200B85852 /* EPodiya.app */,
				CE36740D2A22353B00B85852 /* EPodiyaTests.xctest */,
				CE3674172A22353B00B85852 /* EPodiyaUITests.xctest */,
			);
			name = Products;
			sourceTree = "<group>";
		};
		CE3673FF2A22353200B85852 /* EPodiya */ = {
			isa = PBXGroup;
			children = (
				CE03E4EE2A22D7E6000D9ACD /* Fonts */,
				CE03E4E52A22CD5B000D9ACD /* Menus */,
				CE495B4F2A2241AB00F73986 /* Carousel */,
				CE3674002A22353200B85852 /* EPodiyaApp.swift */,
				CE3674022A22353200B85852 /* ContentView.swift */,
				CE3674042A22353A00B85852 /* Assets.xcassets */,
				CE3674062A22353A00B85852 /* Preview Content */,
			);
			path = EPodiya;
			sourceTree = "<group>";
		};
		CE3674062A22353A00B85852 /* Preview Content */ = {
			isa = PBXGroup;
			children = (
				CE3674072A22353A00B85852 /* Preview Assets.xcassets */,
			);
			path = "Preview Content";
			sourceTree = "<group>";
		};
		CE3674102A22353B00B85852 /* EPodiyaTests */ = {
			isa = PBXGroup;
			children = (
				CE3674112A22353B00B85852 /* EPodiyaTests.swift */,
			);
			path = EPodiyaTests;
			sourceTree = "<group>";
		};
		CE36741A2A22353B00B85852 /* EPodiyaUITests */ = {
			isa = PBXGroup;
			children = (
				CE36741B2A22353B00B85852 /* EPodiyaUITests.swift */,
				CE36741D2A22353B00B85852 /* EPodiyaUITestsLaunchTests.swift */,
			);
			path = EPodiyaUITests;
			sourceTree = "<group>";
		};
		CE495B4F2A2241AB00F73986 /* Carousel */ = {
			isa = PBXGroup;
			children = (
				CE495B502A2241D600F73986 /* CarouselCell.swift */,
			);
			path = Carousel;
			sourceTree = "<group>";
		};
/* End PBXGroup section */

/* Begin PBXNativeTarget section */
		CE3673FC2A22353200B85852 /* EPodiya */ = {
			isa = PBXNativeTarget;
			buildConfigurationList = CE3674212A22353B00B85852 /* Build configuration list for PBXNativeTarget "EPodiya" */;
			buildPhases = (
				CE3673F92A22353200B85852 /* Sources */,
				CE3673FA2A22353200B85852 /* Frameworks */,
				CE3673FB2A22353200B85852 /* Resources */,
			);
			buildRules = (
			);
			dependencies = (
			);
			name = EPodiya;
			productName = EPodiya;
			productReference = CE3673FD2A22353200B85852 /* EPodiya.app */;
			productType = "com.apple.product-type.application";
		};
		CE36740C2A22353B00B85852 /* EPodiyaTests */ = {
			isa = PBXNativeTarget;
			buildConfigurationList = CE3674242A22353B00B85852 /* Build configuration list for PBXNativeTarget "EPodiyaTests" */;
			buildPhases = (
				CE3674092A22353B00B85852 /* Sources */,
				CE36740A2A22353B00B85852 /* Frameworks */,
				CE36740B2A22353B00B85852 /* Resources */,
			);
			buildRules = (
			);
			dependencies = (
				CE36740F2A22353B00B85852 /* PBXTargetDependency */,
			);
			name = EPodiyaTests;
			productName = EPodiyaTests;
			productReference = CE36740D2A22353B00B85852 /* EPodiyaTests.xctest */;
			productType = "com.apple.product-type.bundle.unit-test";
		};
		CE3674162A22353B00B85852 /* EPodiyaUITests */ = {
			isa = PBXNativeTarget;
			buildConfigurationList = CE3674272A22353B00B85852 /* Build configuration list for PBXNativeTarget "EPodiyaUITests" */;
			buildPhases = (
				CE3674132A22353B00B85852 /* Sources */,
				CE3674142A22353B00B85852 /* Frameworks */,
				CE3674152A22353B00B85852 /* Resources */,
			);
			buildRules = (
			);
			dependencies = (
				CE3674192A22353B00B85852 /* PBXTargetDependency */,
			);
			name = EPodiyaUITests;
			productName = EPodiyaUITests;
			productReference = CE3674172A22353B00B85852 /* EPodiyaUITests.xctest */;
			productType = "com.apple.product-type.bundle.ui-testing";
		};
/* End PBXNativeTarget section */

/* Begin PBXProject section */
		CE3673F52A22353200B85852 /* Project object */ = {
			isa = PBXProject;
			attributes = {
				BuildIndependentTargetsInParallel = 1;
				LastSwiftUpdateCheck = 1320;
				LastUpgradeCheck = 1320;
				TargetAttributes = {
					CE3673FC2A22353200B85852 = {
						CreatedOnToolsVersion = 13.2.1;
					};
					CE36740C2A22353B00B85852 = {
						CreatedOnToolsVersion = 13.2.1;
						TestTargetID = CE3673FC2A22353200B85852;
					};
					CE3674162A22353B00B85852 = {
						CreatedOnToolsVersion = 13.2.1;
						TestTargetID = CE3673FC2A22353200B85852;
					};
				};
			};
			buildConfigurationList = CE3673F82A22353200B85852 /* Build configuration list for PBXProject "EPodiya" */;
			compatibilityVersion = "Xcode 13.0";
			developmentRegion = en;
			hasScannedForEncodings = 0;
			knownRegions = (
				en,
				Base,
			);
			mainGroup = CE3673F42A22353200B85852;
			productRefGroup = CE3673FE2A22353200B85852 /* Products */;
			projectDirPath = "";
			projectRoot = "";
			targets = (
				CE3673FC2A22353200B85852 /* EPodiya */,
				CE36740C2A22353B00B85852 /* EPodiyaTests */,
				CE3674162A22353B00B85852 /* EPodiyaUITests */,
			);
		};
/* End PBXProject section */

/* Begin PBXResourcesBuildPhase section */
		CE3673FB2A22353200B85852 /* Resources */ = {
			isa = PBXResourcesBuildPhase;
			buildActionMask = 2147483647;
			files = (
				CE3674082A22353A00B85852 /* Preview Assets.xcassets in Resources */,
				CE3674052A22353A00B85852 /* Assets.xcassets in Resources */,
				CE03E4EC2A22D6CC000D9ACD /* e-Ukraine-Medium.otf in Resources */,
				CE03E4ED2A22D6CC000D9ACD /* e-Ukraine-Regular.otf in Resources */,
				CE03E4EB2A22D6CC000D9ACD /* e-Ukraine-Light.otf in Resources */,
			);
			runOnlyForDeploymentPostprocessing = 0;
		};
		CE36740B2A22353B00B85852 /* Resources */ = {
			isa = PBXResourcesBuildPhase;
			buildActionMask = 2147483647;
			files = (
			);
			runOnlyForDeploymentPostprocessing = 0;
		};
		CE3674152A22353B00B85852 /* Resources */ = {
			isa = PBXResourcesBuildPhase;
			buildActionMask = 2147483647;
			files = (
			);
			runOnlyForDeploymentPostprocessing = 0;
		};
/* End PBXResourcesBuildPhase section */

/* Begin PBXSourcesBuildPhase section */
		CE3673F92A22353200B85852 /* Sources */ = {
			isa = PBXSourcesBuildPhase;
			buildActionMask = 2147483647;
			files = (
				CE03E4F22A22E3E4000D9ACD /* EventInfoMenu.swift in Sources */,
				CD11453A2A22F5130020A013 /* MainMenu.swift in Sources */,
				CE03E4F02A22DE35000D9ACD /* SuccessRegMenu.swift in Sources */,
				CD1145382A22EED60020A013 /* FormMenu.swift in Sources */,
				CE495B512A2241D600F73986 /* CarouselCell.swift in Sources */,
				CE03E4E72A22CDCD000D9ACD /* RegistrationMenu.swift in Sources */,
				CD1145362A22EE070020A013 /* ThanksMenu.swift in Sources */,
				CE3674032A22353200B85852 /* ContentView.swift in Sources */,
				CE3674012A22353200B85852 /* EPodiyaApp.swift in Sources */,
			);
			runOnlyForDeploymentPostprocessing = 0;
		};
		CE3674092A22353B00B85852 /* Sources */ = {
			isa = PBXSourcesBuildPhase;
			buildActionMask = 2147483647;
			files = (
				CE3674122A22353B00B85852 /* EPodiyaTests.swift in Sources */,
			);
			runOnlyForDeploymentPostprocessing = 0;
		};
		CE3674132A22353B00B85852 /* Sources */ = {
			isa = PBXSourcesBuildPhase;
			buildActionMask = 2147483647;
			files = (
				CE36741E2A22353B00B85852 /* EPodiyaUITestsLaunchTests.swift in Sources */,
				CE36741C2A22353B00B85852 /* EPodiyaUITests.swift in Sources */,
			);
			runOnlyForDeploymentPostprocessing = 0;
		};
/* End PBXSourcesBuildPhase section */

/* Begin PBXTargetDependency section */
		CE36740F2A22353B00B85852 /* PBXTargetDependency */ = {
			isa = PBXTargetDependency;
			target = CE3673FC2A22353200B85852 /* EPodiya */;
			targetProxy = CE36740E2A22353B00B85852 /* PBXContainerItemProxy */;
		};
		CE3674192A22353B00B85852 /* PBXTargetDependency */ = {
			isa = PBXTargetDependency;
			target = CE3673FC2A22353200B85852 /* EPodiya */;
			targetProxy = CE3674182A22353B00B85852 /* PBXContainerItemProxy */;
		};
/* End PBXTargetDependency section */

/* Begin XCBuildConfiguration section */
		CE36741F2A22353B00B85852 /* Debug */ = {
			isa = XCBuildConfiguration;
			buildSettings = {
				ALWAYS_SEARCH_USER_PATHS = NO;
				CLANG_ANALYZER_NONNULL = YES;
				CLANG_ANALYZER_NUMBER_OBJECT_CONVERSION = YES_AGGRESSIVE;
				CLANG_CXX_LANGUAGE_STANDARD = "gnu++17";
				CLANG_CXX_LIBRARY = "libc++";
				CLANG_ENABLE_MODULES = YES;
				CLANG_ENABLE_OBJC_ARC = YES;
				CLANG_ENABLE_OBJC_WEAK = YES;
				CLANG_WARN_BLOCK_CAPTURE_AUTORELEASING = YES;
				CLANG_WARN_BOOL_CONVERSION = YES;
				CLANG_WARN_COMMA = YES;
				CLANG_WARN_CONSTANT_CONVERSION = YES;
				CLANG_WARN_DEPRECATED_OBJC_IMPLEMENTATIONS = YES;
				CLANG_WARN_DIRECT_OBJC_ISA_USAGE = YES_ERROR;
				CLANG_WARN_DOCUMENTATION_COMMENTS = YES;
				CLANG_WARN_EMPTY_BODY = YES;
				CLANG_WARN_ENUM_CONVERSION = YES;
				CLANG_WARN_INFINITE_RECURSION = YES;
				CLANG_WARN_INT_CONVERSION = YES;
				CLANG_WARN_NON_LITERAL_NULL_CONVERSION = YES;
				CLANG_WARN_OBJC_IMPLICIT_RETAIN_SELF = YES;
				CLANG_WARN_OBJC_LITERAL_CONVERSION = YES;
				CLANG_WARN_OBJC_ROOT_CLASS = YES_ERROR;
				CLANG_WARN_QUOTED_INCLUDE_IN_FRAMEWORK_HEADER = YES;
				CLANG_WARN_RANGE_LOOP_ANALYSIS = YES;
				CLANG_WARN_STRICT_PROTOTYPES = YES;
				CLANG_WARN_SUSPICIOUS_MOVE = YES;
				CLANG_WARN_UNGUARDED_AVAILABILITY = YES_AGGRESSIVE;
				CLANG_WARN_UNREACHABLE_CODE = YES;
				CLANG_WARN__DUPLICATE_METHOD_MATCH = YES;
				COPY_PHASE_STRIP = NO;
				DEBUG_INFORMATION_FORMAT = dwarf;
				ENABLE_STRICT_OBJC_MSGSEND = YES;
				ENABLE_TESTABILITY = YES;
				GCC_C_LANGUAGE_STANDARD = gnu11;
				GCC_DYNAMIC_NO_PIC = NO;
				GCC_NO_COMMON_BLOCKS = YES;
				GCC_OPTIMIZATION_LEVEL = 0;
				GCC_PREPROCESSOR_DEFINITIONS = (
					"DEBUG=1",
					"$(inherited)",
				);
				GCC_WARN_64_TO_32_BIT_CONVERSION = YES;
				GCC_WARN_ABOUT_RETURN_TYPE = YES_ERROR;
				GCC_WARN_UNDECLARED_SELECTOR = YES;
				GCC_WARN_UNINITIALIZED_AUTOS = YES_AGGRESSIVE;
				GCC_WARN_UNUSED_FUNCTION = YES;
				GCC_WARN_UNUSED_VARIABLE = YES;
				IPHONEOS_DEPLOYMENT_TARGET = 15.2;
				MTL_ENABLE_DEBUG_INFO = INCLUDE_SOURCE;
				MTL_FAST_MATH = YES;
				ONLY_ACTIVE_ARCH = YES;
				SDKROOT = iphoneos;
				SWIFT_ACTIVE_COMPILATION_CONDITIONS = DEBUG;
				SWIFT_OPTIMIZATION_LEVEL = "-Onone";
			};
			name = Debug;
		};
		CE3674202A22353B00B85852 /* Release */ = {
			isa = XCBuildConfiguration;
			buildSettings = {
				ALWAYS_SEARCH_USER_PATHS = NO;
				CLANG_ANALYZER_NONNULL = YES;
				CLANG_ANALYZER_NUMBER_OBJECT_CONVERSION = YES_AGGRESSIVE;
				CLANG_CXX_LANGUAGE_STANDARD = "gnu++17";
				CLANG_CXX_LIBRARY = "libc++";
				CLANG_ENABLE_MODULES = YES;
				CLANG_ENABLE_OBJC_ARC = YES;
				CLANG_ENABLE_OBJC_WEAK = YES;
				CLANG_WARN_BLOCK_CAPTURE_AUTORELEASING = YES;
				CLANG_WARN_BOOL_CONVERSION = YES;
				CLANG_WARN_COMMA = YES;
				CLANG_WARN_CONSTANT_CONVERSION = YES;
				CLANG_WARN_DEPRECATED_OBJC_IMPLEMENTATIONS = YES;
				CLANG_WARN_DIRECT_OBJC_ISA_USAGE = YES_ERROR;
				CLANG_WARN_DOCUMENTATION_COMMENTS = YES;
				CLANG_WARN_EMPTY_BODY = YES;
				CLANG_WARN_ENUM_CONVERSION = YES;
				CLANG_WARN_INFINITE_RECURSION = YES;
				CLANG_WARN_INT_CONVERSION = YES;
				CLANG_WARN_NON_LITERAL_NULL_CONVERSION = YES;
				CLANG_WARN_OBJC_IMPLICIT_RETAIN_SELF = YES;
				CLANG_WARN_OBJC_LITERAL_CONVERSION = YES;
				CLANG_WARN_OBJC_ROOT_CLASS = YES_ERROR;
				CLANG_WARN_QUOTED_INCLUDE_IN_FRAMEWORK_HEADER = YES;
				CLANG_WARN_RANGE_LOOP_ANALYSIS = YES;
				CLANG_WARN_STRICT_PROTOTYPES = YES;
				CLANG_WARN_SUSPICIOUS_MOVE = YES;
				CLANG_WARN_UNGUARDED_AVAILABILITY = YES_AGGRESSIVE;
				CLANG_WARN_UNREACHABLE_CODE = YES;
				CLANG_WARN__DUPLICATE_METHOD_MATCH = YES;
				COPY_PHASE_STRIP = NO;
				DEBUG_INFORMATION_FORMAT = "dwarf-with-dsym";
				ENABLE_NS_ASSERTIONS = NO;
				ENABLE_STRICT_OBJC_MSGSEND = YES;
				GCC_C_LANGUAGE_STANDARD = gnu11;
				GCC_NO_COMMON_BLOCKS = YES;
				GCC_WARN_64_TO_32_BIT_CONVERSION = YES;
				GCC_WARN_ABOUT_RETURN_TYPE = YES_ERROR;
				GCC_WARN_UNDECLARED_SELECTOR = YES;
				GCC_WARN_UNINITIALIZED_AUTOS = YES_AGGRESSIVE;
				GCC_WARN_UNUSED_FUNCTION = YES;
				GCC_WARN_UNUSED_VARIABLE = YES;
				IPHONEOS_DEPLOYMENT_TARGET = 15.2;
				MTL_ENABLE_DEBUG_INFO = NO;
				MTL_FAST_MATH = YES;
				SDKROOT = iphoneos;
				SWIFT_COMPILATION_MODE = wholemodule;
				SWIFT_OPTIMIZATION_LEVEL = "-O";
				VALIDATE_PRODUCT = YES;
			};
			name = Release;
		};
		CE3674222A22353B00B85852 /* Debug */ = {
			isa = XCBuildConfiguration;
			buildSettings = {
				ASSETCATALOG_COMPILER_APPICON_NAME = AppIcon;
				ASSETCATALOG_COMPILER_GLOBAL_ACCENT_COLOR_NAME = AccentColor;
				CODE_SIGN_STYLE = Automatic;
				CURRENT_PROJECT_VERSION = 1;
				DEVELOPMENT_ASSET_PATHS = "\"EPodiya/Preview Content\"";
				DEVELOPMENT_TEAM = DCWCC9V2UV;
				ENABLE_PREVIEWS = YES;
				GENERATE_INFOPLIST_FILE = YES;
				INFOPLIST_KEY_UIApplicationSceneManifest_Generation = YES;
				INFOPLIST_KEY_UIApplicationSupportsIndirectInputEvents = YES;
				INFOPLIST_KEY_UILaunchScreen_Generation = YES;
				INFOPLIST_KEY_UISupportedInterfaceOrientations_iPad = "UIInterfaceOrientationPortrait UIInterfaceOrientationPortraitUpsideDown UIInterfaceOrientationLandscapeLeft UIInterfaceOrientationLandscapeRight";
				INFOPLIST_KEY_UISupportedInterfaceOrientations_iPhone = "UIInterfaceOrientationPortrait UIInterfaceOrientationLandscapeLeft UIInterfaceOrientationLandscapeRight";
				LD_RUNPATH_SEARCH_PATHS = (
					"$(inherited)",
					"@executable_path/Frameworks",
				);
				MARKETING_VERSION = 1.0;
				PRODUCT_BUNDLE_IDENTIFIER = palyanutsi.EPodiya;
				PRODUCT_NAME = "$(TARGET_NAME)";
				SWIFT_EMIT_LOC_STRINGS = YES;
				SWIFT_VERSION = 5.0;
				TARGETED_DEVICE_FAMILY = "1,2";
			};
			name = Debug;
		};
		CE3674232A22353B00B85852 /* Release */ = {
			isa = XCBuildConfiguration;
			buildSettings = {
				ASSETCATALOG_COMPILER_APPICON_NAME = AppIcon;
				ASSETCATALOG_COMPILER_GLOBAL_ACCENT_COLOR_NAME = AccentColor;
				CODE_SIGN_STYLE = Automatic;
				CURRENT_PROJECT_VERSION = 1;
				DEVELOPMENT_ASSET_PATHS = "\"EPodiya/Preview Content\"";
				DEVELOPMENT_TEAM = DCWCC9V2UV;
				ENABLE_PREVIEWS = YES;
				GENERATE_INFOPLIST_FILE = YES;
				INFOPLIST_KEY_UIApplicationSceneManifest_Generation = YES;
				INFOPLIST_KEY_UIApplicationSupportsIndirectInputEvents = YES;
				INFOPLIST_KEY_UILaunchScreen_Generation = YES;
				INFOPLIST_KEY_UISupportedInterfaceOrientations_iPad = "UIInterfaceOrientationPortrait UIInterfaceOrientationPortraitUpsideDown UIInterfaceOrientationLandscapeLeft UIInterfaceOrientationLandscapeRight";
				INFOPLIST_KEY_UISupportedInterfaceOrientations_iPhone = "UIInterfaceOrientationPortrait UIInterfaceOrientationLandscapeLeft UIInterfaceOrientationLandscapeRight";
				LD_RUNPATH_SEARCH_PATHS = (
					"$(inherited)",
					"@executable_path/Frameworks",
				);
				MARKETING_VERSION = 1.0;
				PRODUCT_BUNDLE_IDENTIFIER = palyanutsi.EPodiya;
				PRODUCT_NAME = "$(TARGET_NAME)";
				SWIFT_EMIT_LOC_STRINGS = YES;
				SWIFT_VERSION = 5.0;
				TARGETED_DEVICE_FAMILY = "1,2";
			};
			name = Release;
		};
		CE3674252A22353B00B85852 /* Debug */ = {
			isa = XCBuildConfiguration;
			buildSettings = {
				ALWAYS_EMBED_SWIFT_STANDARD_LIBRARIES = YES;
				BUNDLE_LOADER = "$(TEST_HOST)";
				CODE_SIGN_STYLE = Automatic;
				CURRENT_PROJECT_VERSION = 1;
				GENERATE_INFOPLIST_FILE = YES;
				IPHONEOS_DEPLOYMENT_TARGET = 15.2;
				MARKETING_VERSION = 1.0;
				PRODUCT_BUNDLE_IDENTIFIER = palyanutsi.EPodiyaTests;
				PRODUCT_NAME = "$(TARGET_NAME)";
				SWIFT_EMIT_LOC_STRINGS = NO;
				SWIFT_VERSION = 5.0;
				TARGETED_DEVICE_FAMILY = "1,2";
				TEST_HOST = "$(BUILT_PRODUCTS_DIR)/EPodiya.app/EPodiya";
			};
			name = Debug;
		};
		CE3674262A22353B00B85852 /* Release */ = {
			isa = XCBuildConfiguration;
			buildSettings = {
				ALWAYS_EMBED_SWIFT_STANDARD_LIBRARIES = YES;
				BUNDLE_LOADER = "$(TEST_HOST)";
				CODE_SIGN_STYLE = Automatic;
				CURRENT_PROJECT_VERSION = 1;
				GENERATE_INFOPLIST_FILE = YES;
				IPHONEOS_DEPLOYMENT_TARGET = 15.2;
				MARKETING_VERSION = 1.0;
				PRODUCT_BUNDLE_IDENTIFIER = palyanutsi.EPodiyaTests;
				PRODUCT_NAME = "$(TARGET_NAME)";
				SWIFT_EMIT_LOC_STRINGS = NO;
				SWIFT_VERSION = 5.0;
				TARGETED_DEVICE_FAMILY = "1,2";
				TEST_HOST = "$(BUILT_PRODUCTS_DIR)/EPodiya.app/EPodiya";
			};
			name = Release;
		};
		CE3674282A22353B00B85852 /* Debug */ = {
			isa = XCBuildConfiguration;
			buildSettings = {
				ALWAYS_EMBED_SWIFT_STANDARD_LIBRARIES = YES;
				CODE_SIGN_STYLE = Automatic;
				CURRENT_PROJECT_VERSION = 1;
				GENERATE_INFOPLIST_FILE = YES;
				MARKETING_VERSION = 1.0;
				PRODUCT_BUNDLE_IDENTIFIER = palyanutsi.EPodiyaUITests;
				PRODUCT_NAME = "$(TARGET_NAME)";
				SWIFT_EMIT_LOC_STRINGS = NO;
				SWIFT_VERSION = 5.0;
				TARGETED_DEVICE_FAMILY = "1,2";
				TEST_TARGET_NAME = EPodiya;
			};
			name = Debug;
		};
		CE3674292A22353B00B85852 /* Release */ = {
			isa = XCBuildConfiguration;
			buildSettings = {
				ALWAYS_EMBED_SWIFT_STANDARD_LIBRARIES = YES;
				CODE_SIGN_STYLE = Automatic;
				CURRENT_PROJECT_VERSION = 1;
				GENERATE_INFOPLIST_FILE = YES;
				MARKETING_VERSION = 1.0;
				PRODUCT_BUNDLE_IDENTIFIER = palyanutsi.EPodiyaUITests;
				PRODUCT_NAME = "$(TARGET_NAME)";
				SWIFT_EMIT_LOC_STRINGS = NO;
				SWIFT_VERSION = 5.0;
				TARGETED_DEVICE_FAMILY = "1,2";
				TEST_TARGET_NAME = EPodiya;
			};
			name = Release;
		};
/* End XCBuildConfiguration section */

/* Begin XCConfigurationList section */
		CE3673F82A22353200B85852 /* Build configuration list for PBXProject "EPodiya" */ = {
			isa = XCConfigurationList;
			buildConfigurations = (
				CE36741F2A22353B00B85852 /* Debug */,
				CE3674202A22353B00B85852 /* Release */,
			);
			defaultConfigurationIsVisible = 0;
			defaultConfigurationName = Release;
		};
		CE3674212A22353B00B85852 /* Build configuration list for PBXNativeTarget "EPodiya" */ = {
			isa = XCConfigurationList;
			buildConfigurations = (
				CE3674222A22353B00B85852 /* Debug */,
				CE3674232A22353B00B85852 /* Release */,
			);
			defaultConfigurationIsVisible = 0;
			defaultConfigurationName = Release;
		};
		CE3674242A22353B00B85852 /* Build configuration list for PBXNativeTarget "EPodiyaTests" */ = {
			isa = XCConfigurationList;
			buildConfigurations = (
				CE3674252A22353B00B85852 /* Debug */,
				CE3674262A22353B00B85852 /* Release */,
			);
			defaultConfigurationIsVisible = 0;
			defaultConfigurationName = Release;
		};
		CE3674272A22353B00B85852 /* Build configuration list for PBXNativeTarget "EPodiyaUITests" */ = {
			isa = XCConfigurationList;
			buildConfigurations = (
				CE3674282A22353B00B85852 /* Debug */,
				CE3674292A22353B00B85852 /* Release */,
			);
			defaultConfigurationIsVisible = 0;
			defaultConfigurationName = Release;
		};
/* End XCConfigurationList section */
	};
	rootObject = CE3673F52A22353200B85852 /* Project object */;
}
